
Microsoft Visual Studio Solution File, Format Version 12.00
# Visual Studio Version 17
VisualStudioVersion = 17.11.35222.181
MinimumVisualStudioVersion = 10.0.40219.1
Project("{FAE04EC0-301F-11D3-BF4B-00C04F79EFBC}") = "5_letter_word_to_3_letter_word_combinations", "5_letter_word_to_3_letter_word_combinations\5_letter_word_to_3_letter_word_combinations.csproj", "{C34963CA-1883-47D8-A43D-B8BE29D088E4}"
EndProject
Global
	GlobalSection(SolutionConfigurationPlatforms) = preSolution
		Debug|Any CPU = Debug|Any CPU
		Release|Any CPU = Release|Any CPU
	EndGlobalSection
	GlobalSection(ProjectConfigurationPlatforms) = postSolution
		{C34963CA-1883-47D8-A43D-B8BE29D088E4}.Debug|Any CPU.ActiveCfg = Debug|Any CPU
		{C34963CA-1883-47D8-A43D-B8BE29D088E4}.Debug|Any CPU.Build.0 = Debug|Any CPU
		{C34963CA-1883-47D8-A43D-B8BE29D088E4}.Release|Any CPU.ActiveCfg = Release|Any CPU
		{C34963CA-1883-47D8-A43D-B8BE29D088E4}.Release|Any CPU.Build.0 = Release|Any CPU
	EndGlobalSection
	GlobalSection(SolutionProperties) = preSolution
		HideSolutionNode = FALSE
	EndGlobalSection
	GlobalSection(ExtensibilityGlobals) = postSolution
		SolutionGuid = {DF847490-96C2-425E-BE4A-5160D1099F57}
	EndGlobalSection
EndGlobal
